#MicroXplorer Configuration settings - do not modify
ADC1.Channel-7\#ChannelRegularConversion=ADC_CHANNEL_1
ADC1.Channel-8\#ChannelRegularConversion=ADC_CHANNEL_3
ADC1.ContinuousConvMode=ENABLE
ADC1.DataAlign=ADC_DATAALIGN_RIGHT
ADC1.DiscontinuousConvMode=DISABLE
ADC1.EnableAnalogWatchDog=false
ADC1.EnableRegularConversion=ENABLE
ADC1.ExternalTrigConv=ADC_SOFTWARE_START
ADC1.IPParameters=master,ContinuousConvMode,InjNumberOfConversion,EnableRegularConversion,Rank-7\#ChannelRegularConversion,Channel-7\#ChannelRegularConversion,SamplingTime-7\#ChannelRegularConversion,NbrOfConversionFlag,Rank-8\#ChannelRegularConversion,Channel-8\#ChannelRegularConversion,SamplingTime-8\#ChannelRegularConversion,NbrOfConversion,DataAlign,ScanConvMode,DiscontinuousConvMode,ExternalTrigConv,EnableAnalogWatchDog
ADC1.InjNumberOfConversion=0
ADC1.NbrOfConversion=2
ADC1.NbrOfConversionFlag=1
ADC1.Rank-7\#ChannelRegularConversion=1
ADC1.Rank-8\#ChannelRegularConversion=2
ADC1.SamplingTime-7\#ChannelRegularConversion=ADC_SAMPLETIME_239CYCLES_5
ADC1.SamplingTime-8\#ChannelRegularConversion=ADC_SAMPLETIME_239CYCLES_5
ADC1.ScanConvMode=ADC_SCAN_ENABLE
ADC1.master=1
CAN.ABOM=ENABLE
CAN.BS1=CAN_BS1_6TQ
CAN.BS2=CAN_BS2_1TQ
CAN.CalculateTimeBit=2000
CAN.CalculateTimeQuantum=250.0
CAN.IPParameters=CalculateTimeQuantum,CalculateTimeBit,ABOM,Prescaler,BS1,BS2,TXFP
CAN.Prescaler=9
CAN.TXFP=DISABLE
DAC1.DAC_OutputBuffer=DAC_OUTPUTBUFFER_DISABLE
DAC1.IPParameters=DAC_OutputBuffer
DAC2.DAC_OutputBuffer=DAC_OUTPUTBUFFER_DISABLE
DAC2.IPParameters=DAC_OutputBuffer
Dma.ADC1.2.Direction=DMA_PERIPH_TO_MEMORY
Dma.ADC1.2.Instance=DMA1_Channel1
Dma.ADC1.2.MemDataAlignment=DMA_MDATAALIGN_WORD
Dma.ADC1.2.MemInc=DMA_MINC_ENABLE
Dma.ADC1.2.Mode=DMA_CIRCULAR
Dma.ADC1.2.PeriphDataAlignment=DMA_PDATAALIGN_HALFWORD
Dma.ADC1.2.PeriphInc=DMA_PINC_DISABLE
Dma.ADC1.2.Priority=DMA_PRIORITY_MEDIUM
Dma.ADC1.2.RequestParameters=Instance,Direction,PeriphInc,MemInc,PeriphDataAlignment,MemDataAlignment,Mode,Priority
Dma.Request0=USART2_RX
Dma.Request1=USART2_TX
Dma.Request2=ADC1
Dma.Request3=SDADC3
Dma.Request4=SDADC1
Dma.RequestsNb=5
Dma.SDADC1.4.Direction=DMA_PERIPH_TO_MEMORY
Dma.SDADC1.4.Instance=DMA2_Channel3
Dma.SDADC1.4.MemDataAlignment=DMA_MDATAALIGN_WORD
Dma.SDADC1.4.MemInc=DMA_MINC_ENABLE
Dma.SDADC1.4.Mode=DMA_CIRCULAR
Dma.SDADC1.4.PeriphDataAlignment=DMA_PDATAALIGN_WORD
Dma.SDADC1.4.PeriphInc=DMA_PINC_DISABLE
Dma.SDADC1.4.Priority=DMA_PRIORITY_LOW
Dma.SDADC1.4.RequestParameters=Instance,Direction,PeriphInc,MemInc,PeriphDataAlignment,MemDataAlignment,Mode,Priority
Dma.SDADC3.3.Direction=DMA_PERIPH_TO_MEMORY
Dma.SDADC3.3.Instance=DMA2_Channel5
Dma.SDADC3.3.MemDataAlignment=DMA_MDATAALIGN_WORD
Dma.SDADC3.3.MemInc=DMA_MINC_ENABLE
Dma.SDADC3.3.Mode=DMA_CIRCULAR
Dma.SDADC3.3.PeriphDataAlignment=DMA_PDATAALIGN_WORD
Dma.SDADC3.3.PeriphInc=DMA_PINC_DISABLE
Dma.SDADC3.3.Priority=DMA_PRIORITY_LOW
Dma.SDADC3.3.RequestParameters=Instance,Direction,PeriphInc,MemInc,PeriphDataAlignment,MemDataAlignment,Mode,Priority
Dma.USART2_RX.0.Direction=DMA_PERIPH_TO_MEMORY
Dma.USART2_RX.0.Instance=DMA1_Channel6
Dma.USART2_RX.0.MemDataAlignment=DMA_MDATAALIGN_BYTE
Dma.USART2_RX.0.MemInc=DMA_MINC_ENABLE
Dma.USART2_RX.0.Mode=DMA_CIRCULAR
Dma.USART2_RX.0.PeriphDataAlignment=DMA_PDATAALIGN_BYTE
Dma.USART2_RX.0.PeriphInc=DMA_PINC_DISABLE
Dma.USART2_RX.0.Priority=DMA_PRIORITY_LOW
Dma.USART2_RX.0.RequestParameters=Instance,Direction,PeriphInc,MemInc,PeriphDataAlignment,MemDataAlignment,Mode,Priority
Dma.USART2_TX.1.Direction=DMA_MEMORY_TO_PERIPH
Dma.USART2_TX.1.Instance=DMA1_Channel7
Dma.USART2_TX.1.MemDataAlignment=DMA_MDATAALIGN_BYTE
Dma.USART2_TX.1.MemInc=DMA_MINC_ENABLE
Dma.USART2_TX.1.Mode=DMA_NORMAL
Dma.USART2_TX.1.PeriphDataAlignment=DMA_PDATAALIGN_BYTE
Dma.USART2_TX.1.PeriphInc=DMA_PINC_DISABLE
Dma.USART2_TX.1.Priority=DMA_PRIORITY_LOW
Dma.USART2_TX.1.RequestParameters=Instance,Direction,PeriphInc,MemInc,PeriphDataAlignment,MemDataAlignment,Mode,Priority
FREERTOS.FootprintOK=true
FREERTOS.IPParameters=Tasks01,FootprintOK,configMINIMAL_STACK_SIZE
FREERTOS.Tasks01=defaultTask,0,300,StartDefaultTask,Default,NULL,Dynamic,NULL,NULL;Task_1ms,2,240,Tick1_Task,Default,NULL,Dynamic,NULL,NULL
FREERTOS.configMINIMAL_STACK_SIZE=128
File.Version=6
I2C2.IPParameters=Speed
I2C2.Speed=100
KeepUserPlacement=false
Mcu.Family=STM32F3
Mcu.IP0=ADC1
Mcu.IP1=CAN
Mcu.IP10=SDADC1
Mcu.IP11=SDADC3
Mcu.IP12=SYS
Mcu.IP13=TIM3
Mcu.IP14=TIM4
Mcu.IP15=TIM5
Mcu.IP16=TIM19
Mcu.IP17=USART2
Mcu.IP18=USB
Mcu.IP19=USB_DEVICE
Mcu.IP2=DAC1
Mcu.IP3=DAC2
Mcu.IP4=DMA
Mcu.IP5=FREERTOS
Mcu.IP6=I2C2
Mcu.IP7=NVIC
Mcu.IP8=RCC
Mcu.IP9=RTC
Mcu.IPNb=20
Mcu.Name=STM32F373C(8-B-C)Tx
Mcu.Package=LQFP48
Mcu.Pin0=PC13
Mcu.Pin1=PC14-OSC32_IN
Mcu.Pin10=PB0
Mcu.Pin11=PB1
Mcu.Pin12=PB2
Mcu.Pin13=PE8
Mcu.Pin14=PB14
Mcu.Pin15=PB15
Mcu.Pin16=PA8
Mcu.Pin17=PA9
Mcu.Pin18=PA10
Mcu.Pin19=PA11
Mcu.Pin2=PC15-OSC32_OUT
Mcu.Pin20=PA12
Mcu.Pin21=PA13
Mcu.Pin22=PF6
Mcu.Pin23=PF7
Mcu.Pin24=PA14
Mcu.Pin25=PA15
Mcu.Pin26=PB3
Mcu.Pin27=PB4
Mcu.Pin28=PB5
Mcu.Pin29=PB6
Mcu.Pin3=PF0-OSC_IN
Mcu.Pin30=PB7
Mcu.Pin31=PB8
Mcu.Pin32=PB9
Mcu.Pin33=VP_FREERTOS_VS_ENABLE
Mcu.Pin34=VP_RTC_VS_RTC_Activate
Mcu.Pin35=VP_RTC_VS_RTC_Calendar
Mcu.Pin36=VP_SDADC1_CONF0
Mcu.Pin37=VP_SDADC3_CONF1
Mcu.Pin38=VP_SYS_VS_tim6
Mcu.Pin39=VP_TIM3_VS_ClockSourceINT
Mcu.Pin4=PF1-OSC_OUT
Mcu.Pin40=VP_TIM4_VS_ClockSourceINT
Mcu.Pin41=VP_TIM5_VS_ClockSourceINT
Mcu.Pin42=VP_TIM19_VS_ClockSourceINT
Mcu.Pin43=VP_TIM19_VS_no_output4
Mcu.Pin44=VP_USB_DEVICE_VS_USB_DEVICE_CDC_FS
Mcu.Pin5=PA1
Mcu.Pin6=PA3
Mcu.Pin7=PA4
Mcu.Pin8=PA5
Mcu.Pin9=PA6
Mcu.PinsNb=45
Mcu.ThirdPartyNb=0
Mcu.UserConstants=
Mcu.UserName=STM32F373CCTx
MxCube.Version=4.22.0
MxDb.Version=DB.4.0.220
NVIC.BusFault_IRQn=true\:0\:0\:false\:false\:true\:false\:true
NVIC.CAN_RX0_IRQn=true\:5\:0\:true\:false\:true\:true\:true
NVIC.DMA1_Channel1_IRQn=true\:5\:0\:false\:false\:true\:true\:true
NVIC.DMA1_Channel6_IRQn=true\:5\:0\:false\:false\:true\:true\:true
NVIC.DMA1_Channel7_IRQn=true\:5\:0\:false\:false\:true\:true\:true
NVIC.DMA2_Channel3_IRQn=true\:5\:0\:false\:false\:true\:true\:true
NVIC.DMA2_Channel5_IRQn=true\:5\:0\:false\:false\:true\:true\:true
NVIC.DebugMonitor_IRQn=true\:0\:0\:false\:false\:true\:false\:true
NVIC.HardFault_IRQn=true\:0\:0\:false\:false\:true\:false\:true
NVIC.MemoryManagement_IRQn=true\:0\:0\:false\:false\:true\:false\:true
NVIC.NonMaskableInt_IRQn=true\:0\:0\:false\:false\:true\:false\:true
NVIC.PendSV_IRQn=true\:15\:0\:false\:false\:false\:true\:true
NVIC.PriorityGroup=NVIC_PRIORITYGROUP_4
NVIC.SVCall_IRQn=true\:0\:0\:false\:false\:false\:false\:true
NVIC.SysTick_IRQn=true\:15\:0\:false\:false\:true\:true\:true
NVIC.TIM4_IRQn=true\:5\:0\:true\:false\:true\:true\:true
NVIC.TIM6_DAC1_IRQn=true\:0\:0\:false\:false\:true\:false\:true
NVIC.TimeBase=TIM6_DAC1_IRQn
NVIC.TimeBaseIP=TIM6
NVIC.USART2_IRQn=true\:5\:0\:false\:false\:true\:true\:true
NVIC.USB_LP_IRQn=true\:5\:0\:false\:false\:true\:true\:true
NVIC.UsageFault_IRQn=true\:0\:0\:false\:false\:true\:false\:true
PA1.GPIOParameters=GPIO_Label
PA1.GPIO_Label=ADC1
PA1.Locked=true
PA1.Mode=IN1
PA1.Signal=ADC1_IN1
PA10.Locked=true
PA10.Mode=I2C
PA10.Signal=I2C2_SDA
PA11.Mode=Device
PA11.Signal=USB_DM
PA12.Mode=Device
PA12.Signal=USB_DP
PA13.Locked=true
PA13.Mode=Serial_Wire
PA13.Signal=SYS_JTMS-SWDIO
PA14.Locked=true
PA14.Mode=Serial_Wire
PA14.Signal=SYS_JTCK-SWCLK
PA15.GPIOParameters=GPIO_Label
PA15.GPIO_Label=L2
PA15.Locked=true
PA15.Signal=GPIO_Output
PA3.GPIOParameters=GPIO_Label
PA3.GPIO_Label=ADC2
PA3.Locked=true
PA3.Mode=IN3
PA3.Signal=ADC1_IN3
PA4.GPIOParameters=GPIO_Label
PA4.GPIO_Label=DAC1
PA4.Signal=COMP_DAC11_group
PA5.GPIOParameters=GPIO_Label
PA5.GPIO_Label=C_CTL
PA5.Locked=true
PA5.Signal=GPIO_Output
PA6.GPIOParameters=GPIO_Label
PA6.GPIO_Label=DAC2
PA6.Signal=COMP_DAC21_group
PA8.GPIOParameters=GPIO_Label
PA8.GPIO_Label=RANGE
PA8.Locked=true
PA8.Signal=GPIO_Output
PA9.Locked=true
PA9.Mode=I2C
PA9.Signal=I2C2_SCL
PB0.GPIOParameters=GPIO_Label
PB0.GPIO_Label=TC1
PB0.Mode=IN6-Single-Ended
PB0.Signal=SDADC1_AIN6P
PB1.GPIOParameters=GPIO_PuPd,GPIO_Label
PB1.GPIO_Label=DI_CH1
PB1.GPIO_PuPd=GPIO_PULLUP
PB1.Locked=true
PB1.Signal=GPIO_Input
PB14.GPIOParameters=GPIO_Label
PB14.GPIO_Label=KELVIN_P
PB14.Mode=IN8-Differential
PB14.Signal=SDADC3_AIN8P
PB15.GPIOParameters=GPIO_Label
PB15.GPIO_Label=KELVIN_M
PB15.Mode=IN8-Differential
PB15.Signal=SDADC3_AIN8M
PB2.GPIOParameters=GPIO_PuPd,GPIO_Label
PB2.GPIO_Label=DI_CH2
PB2.GPIO_PuPd=GPIO_PULLUP
PB2.Locked=true
PB2.Signal=GPIO_Input
PB3.Locked=true
PB3.Mode=Asynchronous
PB3.Signal=USART2_TX
PB4.Locked=true
PB4.Mode=Asynchronous
PB4.Signal=USART2_RX
PB5.GPIOParameters=GPIO_Label
PB5.GPIO_Label=PWM1
PB5.Locked=true
PB5.Signal=S_TIM3_CH2
PB6.GPIOParameters=GPIO_Label
PB6.GPIO_Label=L1
PB6.Locked=true
PB6.Signal=GPIO_Output
PB7.GPIOParameters=GPIO_Label
PB7.GPIO_Label=RELAY
PB7.Locked=true
PB7.Signal=GPIO_Output
PB8.Mode=Master
PB8.Signal=CAN_RX
PB9.Mode=Master
PB9.Signal=CAN_TX
PC13.GPIOParameters=GPIO_Speed,PinState,GPIO_Label,GPIO_ModeDefaultOutputPP
PC13.GPIO_Label=USB_EN
PC13.GPIO_ModeDefaultOutputPP=GPIO_MODE_OUTPUT_PP
PC13.GPIO_Speed=GPIO_SPEED_FREQ_LOW
PC13.Locked=true
PC13.PinState=GPIO_PIN_RESET
PC13.Signal=GPIO_Output
PC14-OSC32_IN.Mode=LSE-External-Oscillator
PC14-OSC32_IN.Signal=RCC_OSC32_IN
PC15-OSC32_OUT.Mode=LSE-External-Oscillator
PC15-OSC32_OUT.Signal=RCC_OSC32_OUT
PCC.Battery=Li-MnO2(CR1225)
PCC.Battery.Capacity=48.0
PCC.Battery.Compatibility=Yes
PCC.Battery.InParallel=1
PCC.Battery.InSeries=1
PCC.Battery.MaxContinuous=1.0
PCC.Battery.MaxPulseCurrent=5.0
PCC.Battery.NominalVoltage=3.0
PCC.Battery.SelfDischarge=0.12
PCC.Checker=false
PCC.Line=STM32F373
PCC.MCU=STM32F373C(8-B-C)Tx
PCC.PartNumber=STM32F373CCTx
PCC.Seq0=1
PCC.Seq0.Step0.Average_Current=1.38 \u00B5A
PCC.Seq0.Step0.CPU_Frequency=0 Hz
PCC.Seq0.Step0.Category=In DS Table
PCC.Seq0.Step0.DMIPS=0.0
PCC.Seq0.Step0.Duration=1 ms
PCC.Seq0.Step0.Frequency=32.768 kHz
PCC.Seq0.Step0.Memory=n/a
PCC.Seq0.Step0.Mode=VBAT
PCC.Seq0.Step0.Oscillator=LSE RTC HighDriving
PCC.Seq0.Step0.Peripherals=RTC*
PCC.Seq0.Step0.TaMax=105
PCC.Seq0.Step0.User's_Consumption=0 mA
PCC.Seq0.Step0.Vcore=No Scale
PCC.Seq0.Step0.Vdd=3.6
PCC.Seq0.Step0.Voltage_Source=Battery
PCC.Series=STM32F3
PCC.Temperature=25
PCC.Vdd=3.6
PE8.GPIOParameters=GPIO_PuPd,GPIO_Label
PE8.GPIO_Label=DI_CH3
PE8.GPIO_PuPd=GPIO_PULLUP
PE8.Locked=true
PE8.Signal=GPIO_Input
PF0-OSC_IN.Mode=HSE-External-Oscillator
PF0-OSC_IN.Signal=RCC_OSC_IN
PF1-OSC_OUT.Mode=HSE-External-Oscillator
PF1-OSC_OUT.Signal=RCC_OSC_OUT
PF6.GPIOParameters=GPIO_Speed,GPIO_PuPd,GPIO_Label
PF6.GPIO_Label=LC_PULSE
PF6.GPIO_PuPd=GPIO_PULLUP
PF6.GPIO_Speed=GPIO_SPEED_FREQ_MEDIUM
PF6.Locked=true
PF6.Signal=S_TIM4_CH4
PF7.GPIOParameters=GPIO_Label
PF7.GPIO_Label=L3
PF7.Locked=true
PF7.Signal=GPIO_Output
PinOutPanel.RotationAngle=0
ProjectManager.AskForMigrate=false
ProjectManager.BackupPrevious=false
ProjectManager.CompilerOptimize=2
ProjectManager.ComputerToolchain=false
ProjectManager.CoupleFile=false
ProjectManager.CustomerFirmwarePackage=
ProjectManager.DefaultFWLocation=true
ProjectManager.DeletePrevious=true
ProjectManager.DeviceId=STM32F373CCTx
ProjectManager.FirmwarePackage=STM32Cube FW_F3 V1.9.0
ProjectManager.FreePins=false
ProjectManager.HalAssertFull=false
ProjectManager.HeapSize=0x200
ProjectManager.KeepUserCode=true
ProjectManager.LastFirmware=true
ProjectManager.LibraryCopy=0
ProjectManager.MainLocation=Src
ProjectManager.PreviousToolchain=
ProjectManager.ProjectBuild=false
ProjectManager.ProjectFileName=F373.ioc
ProjectManager.ProjectName=F373
ProjectManager.StackSize=0x400
ProjectManager.TargetToolchain=MDK-ARM V5
ProjectManager.ToolChainLocation=
ProjectManager.UnderRoot=false
ProjectManager.functionlistsort=1-MX_GPIO_Init-GPIO-false-HAL-true,2-MX_DMA_Init-DMA-false-HAL-true,3-SystemClock_Config-RCC-false-HAL-true,4-MX_CAN_Init-CAN-false-HAL-true,5-MX_DAC1_Init-DAC1-false-HAL-true,6-MX_DAC2_Init-DAC2-false-HAL-true,7-MX_SDADC3_Init-SDADC3-false-HAL-true,8-MX_RTC_Init-RTC-false-HAL-true,9-MX_USB_DEVICE_Init-USB_DEVICE-false-HAL-true,10-MX_SDADC1_Init-SDADC1-false-HAL-true,11-MX_I2C2_Init-I2C2-false-HAL-true,12-MX_ADC1_Init-ADC1-false-HAL-true,13-MX_USART2_UART_Init-USART2-false-HAL-true,14-MX_TIM4_Init-TIM4-false-HAL-true,15-MX_TIM3_Init-TIM3-false-HAL-true,16-MX_TIM5_Init-TIM5-false-HAL-true,17-MX_TIM19_Init-TIM19-false-HAL-true
RCC.ADCPresc=RCC_ADC1PCLK2_DIV6
RCC.ADCoutputFreq_Value=12000000
RCC.AHBFreq_Value=72000000
RCC.APB1CLKDivider=RCC_HCLK_DIV2
RCC.APB1Freq_Value=36000000
RCC.APB1TimFreq_Value=72000000
RCC.APB2Freq_Value=72000000
RCC.APB2TimFreq_Value=72000000
RCC.CECFreq_Value=32786.88524590164
RCC.CortexFreq_Value=72000000
RCC.FCLKCortexFreq_Value=72000000
RCC.FamilyName=M
RCC.HCLKFreq_Value=72000000
RCC.HSEPLLFreq_Value=8000000
RCC.HSE_VALUE=8000000
RCC.HSICECFreq_Value=32786.88524590164
RCC.HSIPLLFreq_Value=4000000
RCC.HSI_VALUE=8000000
RCC.I2C1Freq_Value=8000000
RCC.I2CFreq_Value=8000000
RCC.IPParameters=ADCPresc,ADCoutputFreq_Value,AHBFreq_Value,APB1CLKDivider,APB1Freq_Value,APB1TimFreq_Value,APB2Freq_Value,APB2TimFreq_Value,CECFreq_Value,CortexFreq_Value,FCLKCortexFreq_Value,FamilyName,HCLKFreq_Value,HSEPLLFreq_Value,HSE_VALUE,HSICECFreq_Value,HSIPLLFreq_Value,HSI_VALUE,I2C1Freq_Value,I2CFreq_Value,LSI_VALUE,MCOFreq_Value,PLLCLKFreq_Value,PLLMCOFreq_Value,PLLMUL,PRESCALERUSB,PWRFreq_Value,RTCClockSelection,RTCFreq_Value,RTCHSEDivFreq_Value,SDADCPresc,SDADCoutputFreq_Value,SYSCLKFreq_VALUE,SYSCLKSource,TIM2Freq_Value,USART1Freq_Value,USART2Freq_Value,USART3Freq_Value,USBFreq_Value,VCOOutput2Freq_Value
RCC.LSI_VALUE=40000
RCC.MCOFreq_Value=72000000
RCC.PLLCLKFreq_Value=72000000
RCC.PLLMCOFreq_Value=36000000
RCC.PLLMUL=RCC_PLL_MUL9
RCC.PRESCALERUSB=RCC_USBCLKSOURCE_PLL_DIV1_5
RCC.PWRFreq_Value=72000000
RCC.RTCClockSelection=RCC_RTCCLKSOURCE_LSE
RCC.RTCFreq_Value=32768
RCC.RTCHSEDivFreq_Value=250000
RCC.SDADCPresc=RCC_SDADCSYSCLK_DIV12
RCC.SDADCoutputFreq_Value=6000000
RCC.SYSCLKFreq_VALUE=72000000
RCC.SYSCLKSource=RCC_SYSCLKSOURCE_PLLCLK
RCC.TIM2Freq_Value=72000000
RCC.USART1Freq_Value=72000000
RCC.USART2Freq_Value=36000000
RCC.USART3Freq_Value=36000000
RCC.USBFreq_Value=48000000
RCC.VCOOutput2Freq_Value=8000000
RTC.Format=RTC_FORMAT_BIN
RTC.IPParameters=Format
SDADC1.CommonMode0=SDADC_COMMON_MODE_VSSA
SDADC1.ContinuousMode=SDADC_CONTINUOUS_CONV_ON
SDADC1.EnableInjectedConversion=DISABLE
SDADC1.EnableRegularconversion=ENABLE
SDADC1.FastConversionMode=SDADC_FAST_CONV_DISABLE
SDADC1.Gain0=SDADC_GAIN_1
SDADC1.IPParameters=NbrOfConversionFlag,InputMode0,IdleLowPowerMode,FastConversionMode,SlowClockMode,ReferenceVoltage,Gain0,CommonMode0,Offset0,EnableRegularconversion,EnableInjectedConversion,InjectedContinuousMode,MultimodeType,ContinuousMode,InjDelay,Trigger
SDADC1.IdleLowPowerMode=SDADC_LOWPOWER_NONE
SDADC1.InjDelay=Enable
SDADC1.InjectedContinuousMode=SDADC_CONTINUOUS_CONV_ON
SDADC1.InputMode0=SDADC_INPUT_MODE_SE_ZERO_REFERENCE
SDADC1.MultimodeType=__NULL
SDADC1.NbrOfConversionFlag=1
SDADC1.Offset0=0
SDADC1.ReferenceVoltage=SDADC_VREF_EXT
SDADC1.SlowClockMode=SDADC_SLOW_CLOCK_DISABLE
SDADC1.Trigger=SDADC_SOFTWARE_TRIGGER
SDADC3.CommonMode1=SDADC_COMMON_MODE_VSSA
SDADC3.ContinuousMode=SDADC_CONTINUOUS_CONV_ON
SDADC3.EnableInjectedConversion=DISABLE
SDADC3.EnableRegularconversion=ENABLE
SDADC3.FastConversionMode=SDADC_FAST_CONV_DISABLE
SDADC3.Gain1=SDADC_GAIN_1
SDADC3.IPParameters=NbrOfConversionFlag,EnableRegularconversion,EnableInjectedConversion,InjectedContinuousMode,InputMode1,IdleLowPowerMode,FastConversionMode,SlowClockMode,ReferenceVoltage,Gain1,CommonMode1,Offset1,InjDelay,Trigger,ContinuousMode
SDADC3.IdleLowPowerMode=SDADC_LOWPOWER_NONE
SDADC3.InjDelay=Enable
SDADC3.InjectedContinuousMode=SDADC_CONTINUOUS_CONV_ON
SDADC3.InputMode1=SDADC_INPUT_MODE_DIFF
SDADC3.NbrOfConversionFlag=1
SDADC3.Offset1=0
SDADC3.ReferenceVoltage=SDADC_VREF_EXT
SDADC3.SlowClockMode=SDADC_SLOW_CLOCK_DISABLE
SDADC3.Trigger=SDADC_SOFTWARE_TRIGGER
SH.COMP_DAC11_group.0=DAC1_OUT1,DAC_OUT1
SH.COMP_DAC11_group.ConfNb=1
SH.COMP_DAC21_group.0=DAC2_OUT1,DAC_OUT1
SH.COMP_DAC21_group.ConfNb=1
SH.S_TIM3_CH2.0=TIM3_CH2,PWM Generation2 CH2
SH.S_TIM3_CH2.ConfNb=1
SH.S_TIM4_CH4.0=TIM4_CH4,Input_Capture4_from_TI4
SH.S_TIM4_CH4.ConfNb=1
TIM19.AutoReloadPreload=TIM_AUTORELOAD_PRELOAD_ENABLE
TIM19.Channel-Output\ Compare4\ No\ Output=TIM_CHANNEL_4
TIM19.IPParameters=Channel-Output Compare4 No Output,AutoReloadPreload,Prescaler,Period,OCMode_4,TIM_MasterOutputTrigger
TIM19.OCMode_4=TIM_OCMODE_ACTIVE
TIM19.Period=10000
TIM19.Prescaler=720
TIM19.TIM_MasterOutputTrigger=TIM_TRGO_RESET
TIM3.AutoReloadPreload=TIM_AUTORELOAD_PRELOAD_ENABLE
TIM3.Channel-PWM\ Generation2\ CH2=TIM_CHANNEL_2
TIM3.IPParameters=Channel-PWM Generation2 CH2,AutoReloadPreload
TIM4.AutoReloadPreload=TIM_AUTORELOAD_PRELOAD_ENABLE
TIM4.Channel-Input_Capture4_from_TI4=TIM_CHANNEL_4
TIM4.ICPolarity_CH4=TIM_INPUTCHANNELPOLARITY_FALLING
TIM4.IPParameters=Channel-Input_Capture4_from_TI4,ICPolarity_CH4,Period,AutoReloadPreload,Prescaler
TIM4.Period=0xFFFF
TIM4.Prescaler=0
TIM5.AutoReloadPreload=TIM_AUTORELOAD_PRELOAD_ENABLE
TIM5.IPParameters=AutoReloadPreload
USART2.BaudRate=115200
USART2.IPParameters=VirtualMode-Asynchronous,BaudRate,OneBitSampling
USART2.OneBitSampling=UART_ONE_BIT_SAMPLE_DISABLE
USART2.VirtualMode-Asynchronous=VM_ASYNC
USB.IPParameters=low_power_enable
USB.low_power_enable=DISABLE
USB_DEVICE.CLASS_NAME_FS=CDC
USB_DEVICE.IPParameters=VirtualMode,VirtualModeFS,CLASS_NAME_FS,LANGID_STRING,USBD_SELF_POWERED,PRODUCT_STRING_CDC_FS
USB_DEVICE.LANGID_STRING=1042
USB_DEVICE.PRODUCT_STRING_CDC_FS=LT Shiled Virtual ComPort
USB_DEVICE.USBD_SELF_POWERED=0
USB_DEVICE.VirtualMode=Cdc
USB_DEVICE.VirtualModeFS=Cdc_FS
VP_FREERTOS_VS_ENABLE.Mode=Enabled
VP_FREERTOS_VS_ENABLE.Signal=FREERTOS_VS_ENABLE
VP_RTC_VS_RTC_Activate.Mode=RTC_Enabled
VP_RTC_VS_RTC_Activate.Signal=RTC_VS_RTC_Activate
VP_RTC_VS_RTC_Calendar.Mode=RTC_Calendar
VP_RTC_VS_RTC_Calendar.Signal=RTC_VS_RTC_Calendar
VP_SDADC1_CONF0.Mode=ConfigZero
VP_SDADC1_CONF0.Signal=SDADC1_CONF0
VP_SDADC3_CONF1.Mode=ConfigUn
VP_SDADC3_CONF1.Signal=SDADC3_CONF1
VP_SYS_VS_tim6.Mode=TIM6
VP_SYS_VS_tim6.Signal=SYS_VS_tim6
VP_TIM19_VS_ClockSourceINT.Mode=Internal
VP_TIM19_VS_ClockSourceINT.Signal=TIM19_VS_ClockSourceINT
VP_TIM19_VS_no_output4.Mode=Output Compare4 No Output
VP_TIM19_VS_no_output4.Signal=TIM19_VS_no_output4
VP_TIM3_VS_ClockSourceINT.Mode=Internal
VP_TIM3_VS_ClockSourceINT.Signal=TIM3_VS_ClockSourceINT
VP_TIM4_VS_ClockSourceINT.Mode=Internal
VP_TIM4_VS_ClockSourceINT.Signal=TIM4_VS_ClockSourceINT
VP_TIM5_VS_ClockSourceINT.Mode=Internal
VP_TIM5_VS_ClockSourceINT.Signal=TIM5_VS_ClockSourceINT
VP_USB_DEVICE_VS_USB_DEVICE_CDC_FS.Mode=CDC_FS
VP_USB_DEVICE_VS_USB_DEVICE_CDC_FS.Signal=USB_DEVICE_VS_USB_DEVICE_CDC_FS
board=F373
